
Microsoft Visual Studio Solution File, Format Version 12.00
Project("{FAE04EC0-301F-11D3-BF4B-00C04F79EFBC}") = "Mobile5", "Mobile5\Mobile5.csproj", "{0DC3EC36-3E5C-4DE5-9599-73AB2889E078}"
EndProject
Global
	GlobalSection(SolutionConfigurationPlatforms) = preSolution
		Debug|Any CPU = Debug|Any CPU
		Release|Any CPU = Release|Any CPU
	EndGlobalSection
	GlobalSection(ProjectConfigurationPlatforms) = postSolution
		{0DC3EC36-3E5C-4DE5-9599-73AB2889E078}.Debug|Any CPU.ActiveCfg = Debug|Any CPU
		{0DC3EC36-3E5C-4DE5-9599-73AB2889E078}.Debug|Any CPU.Build.0 = Debug|Any CPU
		{0DC3EC36-3E5C-4DE5-9599-73AB2889E078}.Release|Any CPU.ActiveCfg = Release|Any CPU
		{0DC3EC36-3E5C-4DE5-9599-73AB2889E078}.Release|Any CPU.Build.0 = Release|Any CPU
	EndGlobalSection
EndGlobal
